{
    "_meta": {
        "hash": {
            "sha256": "966432746587d4e5161391a3229b972c73802eed586c269a41ae83324360e560"
        },
        "host-environment-markers": {
            "implementation_name": "cpython",
            "implementation_version": "0",
            "os_name": "posix",
            "platform_machine": "x86_64",
            "platform_python_implementation": "CPython",
            "platform_release": "16.3.0",
            "platform_system": "Darwin",
            "platform_version": "Darwin Kernel Version 16.3.0: Thu Nov 17 20:23:58 PST 2016; root:xnu-3789.31.2~1/RELEASE_X86_64",
            "python_full_version": "2.7.9",
            "python_version": "2.7",
            "sys_platform": "darwin"
        },
        "pipfile-spec": 6,
        "requires": {
            "python_version": "2.7"
        },
        "sources": [
            {
                "name": "pypi",
                "url": "https://pypi.python.org/simple",
                "verify_ssl": true
            }
        ]
    },
    "default": {
        "six": {
            "hashes": [
                "sha256:832dc0e10feb1aa2c68dcc57dbb658f1c7e65b9b61af69048abc87a2db00a0eb",
                "sha256:70e8a77beed4562e7f14fe23a786b54f6296e34344c23bc42f07b15018ff98e9"
            ],
            "version": "==1.11.0"
        }
    },
    "develop": {}
}
